PODS:
  - Kingfisher (5.6.0)
  - ReSwift (4.1.1)

DEPENDENCIES:
  - Kingfisher
  - ReSwift

SPEC REPOS:
  https://github.com/cocoapods/specs.git:
    - Kingfisher
    - ReSwift

SPEC CHECKSUMS:
  Kingfisher: 1a50df6880a60bae26f3e21a0df3d17b892f5e0b
  ReSwift: d925be0033558f55bd73d92869961230dfe19d52

PODFILE CHECKSUM: 410a91eeb7e5f26a91d74c7106d063b36252ccd8

COCOAPODS: 1.7.2
